// !$*UTF8*$!
{
	archiveVersion = 1;
	classes = {
	};
	objectVersion = 56;
	objects = {

/* Begin PBXBuildFile section */
		43C570A92D59C2CB00795D14 /* listApp.swift in Sources */ = {isa = PBXBuildFile; fileRef = 43C570A82D59C2CB00795D14 /* listApp.swift */; };
		43C570AB2D59C2CB00795D14 /* ContentView.swift in Sources */ = {isa = PBXBuildFile; fileRef = 43C570AA2D59C2CB00795D14 /* ContentView.swift */; };
		43C570AD2D59C2CC00795D14 /* Assets.xcassets in Resources */ = {isa = PBXBuildFile; fileRef = 43C570AC2D59C2CC00795D14 /* Assets.xcassets */; };
		43C570B02D59C2CC00795D14 /* Preview Assets.xcassets in Resources */ = {isa = PBXBuildFile; fileRef = 43C570AF2D59C2CC00795D14 /* Preview Assets.xcassets */; };
		43C570BA2D59C2CC00795D14 /* listTests.swift in Sources */ = {isa = PBXBuildFile; fileRef = 43C570B92D59C2CC00795D14 /* listTests.swift */; };
		43C570C42D59C2CC00795D14 /* listUITests.swift in Sources */ = {isa = PBXBuildFile; fileRef = 43C570C32D59C2CC00795D14 /* listUITests.swift */; };
		43C570C62D59C2CC00795D14 /* listUITestsLaunchTests.swift in Sources */ = {isa = PBXBuildFile; fileRef = 43C570C52D59C2CC00795D14 /* listUITestsLaunchTests.swift */; };
		43C570D32D59C36400795D14 /* KyotoView.swift in Sources */ = {isa = PBXBuildFile; fileRef = 43C570D22D59C36400795D14 /* KyotoView.swift */; };
		43C570D52D59C39700795D14 /* OkinawaView.swift in Sources */ = {isa = PBXBuildFile; fileRef = 43C570D42D59C39700795D14 /* OkinawaView.swift */; };
		43C570D72D59C3B000795D14 /* HokkaidoView.swift in Sources */ = {isa = PBXBuildFile; fileRef = 43C570D62D59C3B000795D14 /* HokkaidoView.swift */; };
/* End PBXBuildFile section */

/* Begin PBXContainerItemProxy section */
		43C570B62D59C2CC00795D14 /* PBXContainerItemProxy */ = {
			isa = PBXContainerItemProxy;
			containerPortal = 43C5709D2D59C2CB00795D14 /* Project object */;
			proxyType = 1;
			remoteGlobalIDString = 43C570A42D59C2CB00795D14;
			remoteInfo = list;
		};
		43C570C02D59C2CC00795D14 /* PBXContainerItemProxy */ = {
			isa = PBXContainerItemProxy;
			containerPortal = 43C5709D2D59C2CB00795D14 /* Project object */;
			proxyType = 1;
			remoteGlobalIDString = 43C570A42D59C2CB00795D14;
			remoteInfo = list;
		};
/* End PBXContainerItemProxy section */

/* Begin PBXFileReference section */
		43C570A52D59C2CB00795D14 /* list.app */ = {isa = PBXFileReference; explicitFileType = wrapper.application; includeInIndex = 0; path = list.app; sourceTree = BUILT_PRODUCTS_DIR; };
		43C570A82D59C2CB00795D14 /* listApp.swift */ = {isa = PBXFileReference; lastKnownFileType = sourcecode.swift; path = listApp.swift; sourceTree = "<group>"; };
		43C570AA2D59C2CB00795D14 /* ContentView.swift */ = {isa = PBXFileReference; lastKnownFileType = sourcecode.swift; path = ContentView.swift; sourceTree = "<group>"; };
		43C570AC2D59C2CC00795D14 /* Assets.xcassets */ = {isa = PBXFileReference; lastKnownFileType = folder.assetcatalog; path = Assets.xcassets; sourceTree = "<group>"; };
		43C570AF2D59C2CC00795D14 /* Preview Assets.xcassets */ = {isa = PBXFileReference; lastKnownFileType = folder.assetcatalog; path = "Preview Assets.xcassets"; sourceTree = "<group>"; };
		43C570B52D59C2CC00795D14 /* listTests.xctest */ = {isa = PBXFileReference; explicitFileType = wrapper.cfbundle; includeInIndex = 0; path = listTests.xctest; sourceTree = BUILT_PRODUCTS_DIR; };
		43C570B92D59C2CC00795D14 /* listTests.swift */ = {isa = PBXFileReference; lastKnownFileType = sourcecode.swift; path = listTests.swift; sourceTree = "<group>"; };
		43C570BF2D59C2CC00795D14 /* listUITests.xctest */ = {isa = PBXFileReference; explicitFileType = wrapper.cfbundle; includeInIndex = 0; path = listUITests.xctest; sourceTree = BUILT_PRODUCTS_DIR; };
		43C570C32D59C2CC00795D14 /* listUITests.swift */ = {isa = PBXFileReference; lastKnownFileType = sourcecode.swift; path = listUITests.swift; sourceTree = "<group>"; };
		43C570C52D59C2CC00795D14 /* listUITestsLaunchTests.swift */ = {isa = PBXFileReference; lastKnownFileType = sourcecode.swift; path = listUITestsLaunchTests.swift; sourceTree = "<group>"; };
		43C570D22D59C36400795D14 /* KyotoView.swift */ = {isa = PBXFileReference; lastKnownFileType = sourcecode.swift; path = KyotoView.swift; sourceTree = "<group>"; };
		43C570D42D59C39700795D14 /* OkinawaView.swift */ = {isa = PBXFileReference; lastKnownFileType = sourcecode.swift; path = OkinawaView.swift; sourceTree = "<group>"; };
		43C570D62D59C3B000795D14 /* HokkaidoView.swift */ = {isa = PBXFileReference; lastKnownFileType = sourcecode.swift; path = HokkaidoView.swift; sourceTree = "<group>"; };
/* End PBXFileReference section */

/* Begin PBXFrameworksBuildPhase section */
		43C570A22D59C2CB00795D14 /* Frameworks */ = {
			isa = PBXFrameworksBuildPhase;
			buildActionMask = 2147483647;
			files = (
			);
			runOnlyForDeploymentPostprocessing = 0;
		};
		43C570B22D59C2CC00795D14 /* Frameworks */ = {
			isa = PBXFrameworksBuildPhase;
			buildActionMask = 2147483647;
			files = (
			);
			runOnlyForDeploymentPostprocessing = 0;
		};
		43C570BC2D59C2CC00795D14 /* Frameworks */ = {
			isa = PBXFrameworksBuildPhase;
			buildActionMask = 2147483647;
			files = (
			);
			runOnlyForDeploymentPostprocessing = 0;
		};
/* End PBXFrameworksBuildPhase section */

/* Begin PBXGroup section */
		43C5709C2D59C2CB00795D14 = {
			isa = PBXGroup;
			children = (
				43C570A72D59C2CB00795D14 /* list */,
				43C570B82D59C2CC00795D14 /* listTests */,
				43C570C22D59C2CC00795D14 /* listUITests */,
				43C570A62D59C2CB00795D14 /* Products */,
			);
			sourceTree = "<group>";
		};
		43C570A62D59C2CB00795D14 /* Products */ = {
			isa = PBXGroup;
			children = (
				43C570A52D59C2CB00795D14 /* list.app */,
				43C570B52D59C2CC00795D14 /* listTests.xctest */,
				43C570BF2D59C2CC00795D14 /* listUITests.xctest */,
			);
			name = Products;
			sourceTree = "<group>";
		};
		43C570A72D59C2CB00795D14 /* list */ = {
			isa = PBXGroup;
			children = (
				43C570A82D59C2CB00795D14 /* listApp.swift */,
				43C570AA2D59C2CB00795D14 /* ContentView.swift */,
				43C570D22D59C36400795D14 /* KyotoView.swift */,
				43C570D42D59C39700795D14 /* OkinawaView.swift */,
				43C570D62D59C3B000795D14 /* HokkaidoView.swift */,
				43C570AC2D59C2CC00795D14 /* Assets.xcassets */,
				43C570AE2D59C2CC00795D14 /* Preview Content */,
			);
			path = list;
			sourceTree = "<group>";
		};
		43C570AE2D59C2CC00795D14 /* Preview Content */ = {
			isa = PBXGroup;
			children = (
				43C570AF2D59C2CC00795D14 /* Preview Assets.xcassets */,
			);
			path = "Preview Content";
			sourceTree = "<group>";
		};
		43C570B82D59C2CC00795D14 /* listTests */ = {
			isa = PBXGroup;
			children = (
				43C570B92D59C2CC00795D14 /* listTests.swift */,
			);
			path = listTests;
			sourceTree = "<group>";
		};
		43C570C22D59C2CC00795D14 /* listUITests */ = {
			isa = PBXGroup;
			children = (
				43C570C32D59C2CC00795D14 /* listUITests.swift */,
				43C570C52D59C2CC00795D14 /* listUITestsLaunchTests.swift */,
			);
			path = listUITests;
			sourceTree = "<group>";
		};
/* End PBXGroup section */

/* Begin PBXNativeTarget section */
		43C570A42D59C2CB00795D14 /* list */ = {
			isa = PBXNativeTarget;
			buildConfigurationList = 43C570C92D59C2CC00795D14 /* Build configuration list for PBXNativeTarget "list" */;
			buildPhases = (
				43C570A12D59C2CB00795D14 /* Sources */,
				43C570A22D59C2CB00795D14 /* Frameworks */,
				43C570A32D59C2CB00795D14 /* Resources */,
			);
			buildRules = (
			);
			dependencies = (
			);
			name = list;
			productName = list;
			productReference = 43C570A52D59C2CB00795D14 /* list.app */;
			productType = "com.apple.product-type.application";
		};
		43C570B42D59C2CC00795D14 /* listTests */ = {
			isa = PBXNativeTarget;
			buildConfigurationList = 43C570CC2D59C2CC00795D14 /* Build configuration list for PBXNativeTarget "listTests" */;
			buildPhases = (
				43C570B12D59C2CC00795D14 /* Sources */,
				43C570B22D59C2CC00795D14 /* Frameworks */,
				43C570B32D59C2CC00795D14 /* Resources */,
			);
			buildRules = (
			);
			dependencies = (
				43C570B72D59C2CC00795D14 /* PBXTargetDependency */,
			);
			name = listTests;
			productName = listTests;
			productReference = 43C570B52D59C2CC00795D14 /* listTests.xctest */;
			productType = "com.apple.product-type.bundle.unit-test";
		};
		43C570BE2D59C2CC00795D14 /* listUITests */ = {
			isa = PBXNativeTarget;
			buildConfigurationList = 43C570CF2D59C2CC00795D14 /* Build configuration list for PBXNativeTarget "listUITests" */;
			buildPhases = (
				43C570BB2D59C2CC00795D14 /* Sources */,
				43C570BC2D59C2CC00795D14 /* Frameworks */,
				43C570BD2D59C2CC00795D14 /* Resources */,
			);
			buildRules = (
			);
			dependencies = (
				43C570C12D59C2CC00795D14 /* PBXTargetDependency */,
			);
			name = listUITests;
			productName = listUITests;
			productReference = 43C570BF2D59C2CC00795D14 /* listUITests.xctest */;
			productType = "com.apple.product-type.bundle.ui-testing";
		};
/* End PBXNativeTarget section */

/* Begin PBXProject section */
		43C5709D2D59C2CB00795D14 /* Project object */ = {
			isa = PBXProject;
			attributes = {
				BuildIndependentTargetsInParallel = 1;
				LastSwiftUpdateCheck = 1430;
				LastUpgradeCheck = 1430;
				TargetAttributes = {
					43C570A42D59C2CB00795D14 = {
						CreatedOnToolsVersion = 14.3;
					};
					43C570B42D59C2CC00795D14 = {
						CreatedOnToolsVersion = 14.3;
						TestTargetID = 43C570A42D59C2CB00795D14;
					};
					43C570BE2D59C2CC00795D14 = {
						CreatedOnToolsVersion = 14.3;
						TestTargetID = 43C570A42D59C2CB00795D14;
					};
				};
			};
			buildConfigurationList = 43C570A02D59C2CB00795D14 /* Build configuration list for PBXProject "list" */;
			compatibilityVersion = "Xcode 14.0";
			developmentRegion = en;
			hasScannedForEncodings = 0;
			knownRegions = (
				en,
				Base,
			);
			mainGroup = 43C5709C2D59C2CB00795D14;
			productRefGroup = 43C570A62D59C2CB00795D14 /* Products */;
			projectDirPath = "";
			projectRoot = "";
			targets = (
				43C570A42D59C2CB00795D14 /* list */,
				43C570B42D59C2CC00795D14 /* listTests */,
				43C570BE2D59C2CC00795D14 /* listUITests */,
			);
		};
/* End PBXProject section */

/* Begin PBXResourcesBuildPhase section */
		43C570A32D59C2CB00795D14 /* Resources */ = {
			isa = PBXResourcesBuildPhase;
			buildActionMask = 2147483647;
			files = (
				43C570B02D59C2CC00795D14 /* Preview Assets.xcassets in Resources */,
				43C570AD2D59C2CC00795D14 /* Assets.xcassets in Resources */,
			);
			runOnlyForDeploymentPostprocessing = 0;
		};
		43C570B32D59C2CC00795D14 /* Resources */ = {
			isa = PBXResourcesBuildPhase;
			buildActionMask = 2147483647;
			files = (
			);
			runOnlyForDeploymentPostprocessing = 0;
		};
		43C570BD2D59C2CC00795D14 /* Resources */ = {
			isa = PBXResourcesBuildPhase;
			buildActionMask = 2147483647;
			files = (
			);
			runOnlyForDeploymentPostprocessing = 0;
		};
/* End PBXResourcesBuildPhase section */

/* Begin PBXSourcesBuildPhase section */
		43C570A12D59C2CB00795D14 /* Sources */ = {
			isa = PBXSourcesBuildPhase;
			buildActionMask = 2147483647;
			files = (
				43C570D52D59C39700795D14 /* OkinawaView.swift in Sources */,
				43C570D32D59C36400795D14 /* KyotoView.swift in Sources */,
				43C570AB2D59C2CB00795D14 /* ContentView.swift in Sources */,
				43C570D72D59C3B000795D14 /* HokkaidoView.swift in Sources */,
				43C570A92D59C2CB00795D14 /* listApp.swift in Sources */,
			);
			runOnlyForDeploymentPostprocessing = 0;
		};
		43C570B12D59C2CC00795D14 /* Sources */ = {
			isa = PBXSourcesBuildPhase;
			buildActionMask = 2147483647;
			files = (
				43C570BA2D59C2CC00795D14 /* listTests.swift in Sources */,
			);
			runOnlyForDeploymentPostprocessing = 0;
		};
		43C570BB2D59C2CC00795D14 /* Sources */ = {
			isa = PBXSourcesBuildPhase;
			buildActionMask = 2147483647;
			files = (
				43C570C62D59C2CC00795D14 /* listUITestsLaunchTests.swift in Sources */,
				43C570C42D59C2CC00795D14 /* listUITests.swift in Sources */,
			);
			runOnlyForDeploymentPostprocessing = 0;
		};
/* End PBXSourcesBuildPhase section */

/* Begin PBXTargetDependency section */
		43C570B72D59C2CC00795D14 /* PBXTargetDependency */ = {
			isa = PBXTargetDependency;
			target = 43C570A42D59C2CB00795D14 /* list */;
			targetProxy = 43C570B62D59C2CC00795D14 /* PBXContainerItemProxy */;
		};
		43C570C12D59C2CC00795D14 /* PBXTargetDependency */ = {
			isa = PBXTargetDependency;
			target = 43C570A42D59C2CB00795D14 /* list */;
			targetProxy = 43C570C02D59C2CC00795D14 /* PBXContainerItemProxy */;
		};
/* End PBXTargetDependency section */

/* Begin XCBuildConfiguration section */
		43C570C72D59C2CC00795D14 /* Debug */ = {
			isa = XCBuildConfiguration;
			buildSettings = {
				ALWAYS_SEARCH_USER_PATHS = NO;
				CLANG_ANALYZER_NONNULL = YES;
				CLANG_ANALYZER_NUMBER_OBJECT_CONVERSION = YES_AGGRESSIVE;
				CLANG_CXX_LANGUAGE_STANDARD = "gnu++20";
				CLANG_ENABLE_MODULES = YES;
				CLANG_ENABLE_OBJC_ARC = YES;
				CLANG_ENABLE_OBJC_WEAK = YES;
				CLANG_WARN_BLOCK_CAPTURE_AUTORELEASING = YES;
				CLANG_WARN_BOOL_CONVERSION = YES;
				CLANG_WARN_COMMA = YES;
				CLANG_WARN_CONSTANT_CONVERSION = YES;
				CLANG_WARN_DEPRECATED_OBJC_IMPLEMENTATIONS = YES;
				CLANG_WARN_DIRECT_OBJC_ISA_USAGE = YES_ERROR;
				CLANG_WARN_DOCUMENTATION_COMMENTS = YES;
				CLANG_WARN_EMPTY_BODY = YES;
				CLANG_WARN_ENUM_CONVERSION = YES;
				CLANG_WARN_INFINITE_RECURSION = YES;
				CLANG_WARN_INT_CONVERSION = YES;
				CLANG_WARN_NON_LITERAL_NULL_CONVERSION = YES;
				CLANG_WARN_OBJC_IMPLICIT_RETAIN_SELF = YES;
				CLANG_WARN_OBJC_LITERAL_CONVERSION = YES;
				CLANG_WARN_OBJC_ROOT_CLASS = YES_ERROR;
				CLANG_WARN_QUOTED_INCLUDE_IN_FRAMEWORK_HEADER = YES;
				CLANG_WARN_RANGE_LOOP_ANALYSIS = YES;
				CLANG_WARN_STRICT_PROTOTYPES = YES;
				CLANG_WARN_SUSPICIOUS_MOVE = YES;
				CLANG_WARN_UNGUARDED_AVAILABILITY = YES_AGGRESSIVE;
				CLANG_WARN_UNREACHABLE_CODE = YES;
				CLANG_WARN__DUPLICATE_METHOD_MATCH = YES;
				COPY_PHASE_STRIP = NO;
				DEBUG_INFORMATION_FORMAT = dwarf;
				ENABLE_STRICT_OBJC_MSGSEND = YES;
				ENABLE_TESTABILITY = YES;
				GCC_C_LANGUAGE_STANDARD = gnu11;
				GCC_DYNAMIC_NO_PIC = NO;
				GCC_NO_COMMON_BLOCKS = YES;
				GCC_OPTIMIZATION_LEVEL = 0;
				GCC_PREPROCESSOR_DEFINITIONS = (
					"DEBUG=1",
					"$(inherited)",
				);
				GCC_WARN_64_TO_32_BIT_CONVERSION = YES;
				GCC_WARN_ABOUT_RETURN_TYPE = YES_ERROR;
				GCC_WARN_UNDECLARED_SELECTOR = YES;
				GCC_WARN_UNINITIALIZED_AUTOS = YES_AGGRESSIVE;
				GCC_WARN_UNUSED_FUNCTION = YES;
				GCC_WARN_UNUSED_VARIABLE = YES;
				IPHONEOS_DEPLOYMENT_TARGET = 16.4;
				MTL_ENABLE_DEBUG_INFO = INCLUDE_SOURCE;
				MTL_FAST_MATH = YES;
				ONLY_ACTIVE_ARCH = YES;
				SDKROOT = iphoneos;
				SWIFT_ACTIVE_COMPILATION_CONDITIONS = DEBUG;
				SWIFT_OPTIMIZATION_LEVEL = "-Onone";
			};
			name = Debug;
		};
		43C570C82D59C2CC00795D14 /* Release */ = {
			isa = XCBuildConfiguration;
			buildSettings = {
				ALWAYS_SEARCH_USER_PATHS = NO;
				CLANG_ANALYZER_NONNULL = YES;
				CLANG_ANALYZER_NUMBER_OBJECT_CONVERSION = YES_AGGRESSIVE;
				CLANG_CXX_LANGUAGE_STANDARD = "gnu++20";
				CLANG_ENABLE_MODULES = YES;
				CLANG_ENABLE_OBJC_ARC = YES;
				CLANG_ENABLE_OBJC_WEAK = YES;
				CLANG_WARN_BLOCK_CAPTURE_AUTORELEASING = YES;
				CLANG_WARN_BOOL_CONVERSION = YES;
				CLANG_WARN_COMMA = YES;
				CLANG_WARN_CONSTANT_CONVERSION = YES;
				CLANG_WARN_DEPRECATED_OBJC_IMPLEMENTATIONS = YES;
				CLANG_WARN_DIRECT_OBJC_ISA_USAGE = YES_ERROR;
				CLANG_WARN_DOCUMENTATION_COMMENTS = YES;
				CLANG_WARN_EMPTY_BODY = YES;
				CLANG_WARN_ENUM_CONVERSION = YES;
				CLANG_WARN_INFINITE_RECURSION = YES;
				CLANG_WARN_INT_CONVERSION = YES;
				CLANG_WARN_NON_LITERAL_NULL_CONVERSION = YES;
				CLANG_WARN_OBJC_IMPLICIT_RETAIN_SELF = YES;
				CLANG_WARN_OBJC_LITERAL_CONVERSION = YES;
				CLANG_WARN_OBJC_ROOT_CLASS = YES_ERROR;
				CLANG_WARN_QUOTED_INCLUDE_IN_FRAMEWORK_HEADER = YES;
				CLANG_WARN_RANGE_LOOP_ANALYSIS = YES;
				CLANG_WARN_STRICT_PROTOTYPES = YES;
				CLANG_WARN_SUSPICIOUS_MOVE = YES;
				CLANG_WARN_UNGUARDED_AVAILABILITY = YES_AGGRESSIVE;
				CLANG_WARN_UNREACHABLE_CODE = YES;
				CLANG_WARN__DUPLICATE_METHOD_MATCH = YES;
				COPY_PHASE_STRIP = NO;
				DEBUG_INFORMATION_FORMAT = "dwarf-with-dsym";
				ENABLE_NS_ASSERTIONS = NO;
				ENABLE_STRICT_OBJC_MSGSEND = YES;
				GCC_C_LANGUAGE_STANDARD = gnu11;
				GCC_NO_COMMON_BLOCKS = YES;
				GCC_WARN_64_TO_32_BIT_CONVERSION = YES;
				GCC_WARN_ABOUT_RETURN_TYPE = YES_ERROR;
				GCC_WARN_UNDECLARED_SELECTOR = YES;
				GCC_WARN_UNINITIALIZED_AUTOS = YES_AGGRESSIVE;
				GCC_WARN_UNUSED_FUNCTION = YES;
				GCC_WARN_UNUSED_VARIABLE = YES;
				IPHONEOS_DEPLOYMENT_TARGET = 16.4;
				MTL_ENABLE_DEBUG_INFO = NO;
				MTL_FAST_MATH = YES;
				SDKROOT = iphoneos;
				SWIFT_COMPILATION_MODE = wholemodule;
				SWIFT_OPTIMIZATION_LEVEL = "-O";
				VALIDATE_PRODUCT = YES;
			};
			name = Release;
		};
		43C570CA2D59C2CC00795D14 /* Debug */ = {
			isa = XCBuildConfiguration;
			buildSettings = {
				ASSETCATALOG_COMPILER_APPICON_NAME = AppIcon;
				ASSETCATALOG_COMPILER_GLOBAL_ACCENT_COLOR_NAME = AccentColor;
				CODE_SIGN_STYLE = Automatic;
				CURRENT_PROJECT_VERSION = 1;
				DEVELOPMENT_ASSET_PATHS = "\"list/Preview Content\"";
				ENABLE_PREVIEWS = YES;
				GENERATE_INFOPLIST_FILE = YES;
				INFOPLIST_KEY_UIApplicationSceneManifest_Generation = YES;
				INFOPLIST_KEY_UIApplicationSupportsIndirectInputEvents = YES;
				INFOPLIST_KEY_UILaunchScreen_Generation = YES;
				INFOPLIST_KEY_UISupportedInterfaceOrientations_iPad = "UIInterfaceOrientationPortrait UIInterfaceOrientationPortraitUpsideDown UIInterfaceOrientationLandscapeLeft UIInterfaceOrientationLandscapeRight";
				INFOPLIST_KEY_UISupportedInterfaceOrientations_iPhone = "UIInterfaceOrientationPortrait UIInterfaceOrientationLandscapeLeft UIInterfaceOrientationLandscapeRight";
				LD_RUNPATH_SEARCH_PATHS = (
					"$(inherited)",
					"@executable_path/Frameworks",
				);
				MARKETING_VERSION = 1.0;
				PRODUCT_BUNDLE_IDENTIFIER = "net.kur0den.ios-study.list";
				PRODUCT_NAME = "$(TARGET_NAME)";
				SWIFT_EMIT_LOC_STRINGS = YES;
				SWIFT_VERSION = 5.0;
				TARGETED_DEVICE_FAMILY = "1,2";
			};
			name = Debug;
		};
		43C570CB2D59C2CC00795D14 /* Release */ = {
			isa = XCBuildConfiguration;
			buildSettings = {
				ASSETCATALOG_COMPILER_APPICON_NAME = AppIcon;
				ASSETCATALOG_COMPILER_GLOBAL_ACCENT_COLOR_NAME = AccentColor;
				CODE_SIGN_STYLE = Automatic;
				CURRENT_PROJECT_VERSION = 1;
				DEVELOPMENT_ASSET_PATHS = "\"list/Preview Content\"";
				ENABLE_PREVIEWS = YES;
				GENERATE_INFOPLIST_FILE = YES;
				INFOPLIST_KEY_UIApplicationSceneManifest_Generation = YES;
				INFOPLIST_KEY_UIApplicationSupportsIndirectInputEvents = YES;
				INFOPLIST_KEY_UILaunchScreen_Generation = YES;
				INFOPLIST_KEY_UISupportedInterfaceOrientations_iPad = "UIInterfaceOrientationPortrait UIInterfaceOrientationPortraitUpsideDown UIInterfaceOrientationLandscapeLeft UIInterfaceOrientationLandscapeRight";
				INFOPLIST_KEY_UISupportedInterfaceOrientations_iPhone = "UIInterfaceOrientationPortrait UIInterfaceOrientationLandscapeLeft UIInterfaceOrientationLandscapeRight";
				LD_RUNPATH_SEARCH_PATHS = (
					"$(inherited)",
					"@executable_path/Frameworks",
				);
				MARKETING_VERSION = 1.0;
				PRODUCT_BUNDLE_IDENTIFIER = "net.kur0den.ios-study.list";
				PRODUCT_NAME = "$(TARGET_NAME)";
				SWIFT_EMIT_LOC_STRINGS = YES;
				SWIFT_VERSION = 5.0;
				TARGETED_DEVICE_FAMILY = "1,2";
			};
			name = Release;
		};
		43C570CD2D59C2CC00795D14 /* Debug */ = {
			isa = XCBuildConfiguration;
			buildSettings = {
				ALWAYS_EMBED_SWIFT_STANDARD_LIBRARIES = YES;
				BUNDLE_LOADER = "$(TEST_HOST)";
				CODE_SIGN_STYLE = Automatic;
				CURRENT_PROJECT_VERSION = 1;
				GENERATE_INFOPLIST_FILE = YES;
				IPHONEOS_DEPLOYMENT_TARGET = 16.4;
				MARKETING_VERSION = 1.0;
				PRODUCT_BUNDLE_IDENTIFIER = "net.kur0den.ios-study.listTests";
				PRODUCT_NAME = "$(TARGET_NAME)";
				SWIFT_EMIT_LOC_STRINGS = NO;
				SWIFT_VERSION = 5.0;
				TARGETED_DEVICE_FAMILY = "1,2";
				TEST_HOST = "$(BUILT_PRODUCTS_DIR)/list.app/$(BUNDLE_EXECUTABLE_FOLDER_PATH)/list";
			};
			name = Debug;
		};
		43C570CE2D59C2CC00795D14 /* Release */ = {
			isa = XCBuildConfiguration;
			buildSettings = {
				ALWAYS_EMBED_SWIFT_STANDARD_LIBRARIES = YES;
				BUNDLE_LOADER = "$(TEST_HOST)";
				CODE_SIGN_STYLE = Automatic;
				CURRENT_PROJECT_VERSION = 1;
				GENERATE_INFOPLIST_FILE = YES;
				IPHONEOS_DEPLOYMENT_TARGET = 16.4;
				MARKETING_VERSION = 1.0;
				PRODUCT_BUNDLE_IDENTIFIER = "net.kur0den.ios-study.listTests";
				PRODUCT_NAME = "$(TARGET_NAME)";
				SWIFT_EMIT_LOC_STRINGS = NO;
				SWIFT_VERSION = 5.0;
				TARGETED_DEVICE_FAMILY = "1,2";
				TEST_HOST = "$(BUILT_PRODUCTS_DIR)/list.app/$(BUNDLE_EXECUTABLE_FOLDER_PATH)/list";
			};
			name = Release;
		};
		43C570D02D59C2CC00795D14 /* Debug */ = {
			isa = XCBuildConfiguration;
			buildSettings = {
				ALWAYS_EMBED_SWIFT_STANDARD_LIBRARIES = YES;
				CODE_SIGN_STYLE = Automatic;
				CURRENT_PROJECT_VERSION = 1;
				GENERATE_INFOPLIST_FILE = YES;
				MARKETING_VERSION = 1.0;
				PRODUCT_BUNDLE_IDENTIFIER = "net.kur0den.ios-study.listUITests";
				PRODUCT_NAME = "$(TARGET_NAME)";
				SWIFT_EMIT_LOC_STRINGS = NO;
				SWIFT_VERSION = 5.0;
				TARGETED_DEVICE_FAMILY = "1,2";
				TEST_TARGET_NAME = list;
			};
			name = Debug;
		};
		43C570D12D59C2CC00795D14 /* Release */ = {
			isa = XCBuildConfiguration;
			buildSettings = {
				ALWAYS_EMBED_SWIFT_STANDARD_LIBRARIES = YES;
				CODE_SIGN_STYLE = Automatic;
				CURRENT_PROJECT_VERSION = 1;
				GENERATE_INFOPLIST_FILE = YES;
				MARKETING_VERSION = 1.0;
				PRODUCT_BUNDLE_IDENTIFIER = "net.kur0den.ios-study.listUITests";
				PRODUCT_NAME = "$(TARGET_NAME)";
				SWIFT_EMIT_LOC_STRINGS = NO;
				SWIFT_VERSION = 5.0;
				TARGETED_DEVICE_FAMILY = "1,2";
				TEST_TARGET_NAME = list;
			};
			name = Release;
		};
/* End XCBuildConfiguration section */

/* Begin XCConfigurationList section */
		43C570A02D59C2CB00795D14 /* Build configuration list for PBXProject "list" */ = {
			isa = XCConfigurationList;
			buildConfigurations = (
				43C570C72D59C2CC00795D14 /* Debug */,
				43C570C82D59C2CC00795D14 /* Release */,
			);
			defaultConfigurationIsVisible = 0;
			defaultConfigurationName = Release;
		};
		43C570C92D59C2CC00795D14 /* Build configuration list for PBXNativeTarget "list" */ = {
			isa = XCConfigurationList;
			buildConfigurations = (
				43C570CA2D59C2CC00795D14 /* Debug */,
				43C570CB2D59C2CC00795D14 /* Release */,
			);
			defaultConfigurationIsVisible = 0;
			defaultConfigurationName = Release;
		};
		43C570CC2D59C2CC00795D14 /* Build configuration list for PBXNativeTarget "listTests" */ = {
			isa = XCConfigurationList;
			buildConfigurations = (
				43C570CD2D59C2CC00795D14 /* Debug */,
				43C570CE2D59C2CC00795D14 /* Release */,
			);
			defaultConfigurationIsVisible = 0;
			defaultConfigurationName = Release;
		};
		43C570CF2D59C2CC00795D14 /* Build configuration list for PBXNativeTarget "listUITests" */ = {
			isa = XCConfigurationList;
			buildConfigurations = (
				43C570D02D59C2CC00795D14 /* Debug */,
				43C570D12D59C2CC00795D14 /* Release */,
			);
			defaultConfigurationIsVisible = 0;
			defaultConfigurationName = Release;
		};
/* End XCConfigurationList section */
	};
	rootObject = 43C5709D2D59C2CB00795D14 /* Project object */;
}
